{
  "requires": true,
  "lockfileVersion": 1,
  "dependencies": {
    "metro4": {
      "version": "4.5.0",
      "resolved": "https://registry.npmjs.org/metro4/-/metro4-4.5.0.tgz",
      "integrity": "sha512-TzPz0HUEhQODRkTbxTYKoN6EDYVhnmRxNisgpUnpPGQpEGlIX7g6h53zsb79e6ngL0ag1zzR8Z9LUUU5cbi8lQ=="
    }
  }
}
